
Microsoft Visual Studio Solution File, Format Version 12.00
# Visual Studio Version 17
VisualStudioVersion = 17.9.34622.214
MinimumVisualStudioVersion = 10.0.40219.1
Project("{FAE04EC0-301F-11D3-BF4B-00C04F79EFBC}") = "Unit1_Reamaining", "Unit1_Reamaining.csproj", "{324ED217-9F5C-49AD-883F-E9438A2FC8E3}"
EndProject
Global
	GlobalSection(SolutionConfigurationPlatforms) = preSolution
		Debug|Any CPU = Debug|Any CPU
		Release|Any CPU = Release|Any CPU
	EndGlobalSection
	GlobalSection(ProjectConfigurationPlatforms) = postSolution
		{324ED217-9F5C-49AD-883F-E9438A2FC8E3}.Debug|Any CPU.ActiveCfg = Debug|Any CPU
		{324ED217-9F5C-49AD-883F-E9438A2FC8E3}.Debug|Any CPU.Build.0 = Debug|Any CPU
		{324ED217-9F5C-49AD-883F-E9438A2FC8E3}.Release|Any CPU.ActiveCfg = Release|Any CPU
		{324ED217-9F5C-49AD-883F-E9438A2FC8E3}.Release|Any CPU.Build.0 = Release|Any CPU
	EndGlobalSection
	GlobalSection(SolutionProperties) = preSolution
		HideSolutionNode = FALSE
	EndGlobalSection
	GlobalSection(ExtensibilityGlobals) = postSolution
		SolutionGuid = {425A561E-8EE6-4B62-B820-2D5C7E27DC6D}
	EndGlobalSection
EndGlobal
